
Microsoft Visual Studio Solution File, Format Version 12.00
# Visual Studio 15
VisualStudioVersion = 15.0.28010.2036
MinimumVisualStudioVersion = 10.0.40219.1
Project("{8BC9CEB8-8B4A-11D0-8D11-00A0C91BC942}") = "Snake-C", "Snake-C\Snake-C.vcxproj", "{851E9AC3-D966-4D36-8313-C30F34F7E957}"
EndProject
Global
	GlobalSection(SolutionConfigurationPlatforms) = preSolution
		Debug|x64 = Debug|x64
		Debug|x86 = Debug|x86
		Release|x64 = Release|x64
		Release|x86 = Release|x86
	EndGlobalSection
	GlobalSection(ProjectConfigurationPlatforms) = postSolution
		{851E9AC3-D966-4D36-8313-C30F34F7E957}.Debug|x64.ActiveCfg = Debug|x64
		{851E9AC3-D966-4D36-8313-C30F34F7E957}.Debug|x64.Build.0 = Debug|x64
		{851E9AC3-D966-4D36-8313-C30F34F7E957}.Debug|x86.ActiveCfg = Debug|Win32
		{851E9AC3-D966-4D36-8313-C30F34F7E957}.Debug|x86.Build.0 = Debug|Win32
		{851E9AC3-D966-4D36-8313-C30F34F7E957}.Release|x64.ActiveCfg = Release|x64
		{851E9AC3-D966-4D36-8313-C30F34F7E957}.Release|x64.Build.0 = Release|x64
		{851E9AC3-D966-4D36-8313-C30F34F7E957}.Release|x86.ActiveCfg = Release|Win32
		{851E9AC3-D966-4D36-8313-C30F34F7E957}.Release|x86.Build.0 = Release|Win32
	EndGlobalSection
	GlobalSection(SolutionProperties) = preSolution
		HideSolutionNode = FALSE
	EndGlobalSection
	GlobalSection(ExtensibilityGlobals) = postSolution
		SolutionGuid = {9FA921EA-01A2-443F-AAD3-BB7DF956B349}
	EndGlobalSection
EndGlobal
